
Microsoft Visual Studio Solution File, Format Version 12.00
# Visual Studio Version 17
VisualStudioVersion = 17.11.35219.272
MinimumVisualStudioVersion = 10.0.40219.1
Project("{8BC9CEB8-8B4A-11D0-8D11-00A0C91BC942}") = "MFC_ImageProcessing", "MFC_ImageProcessing.vcxproj", "{9ECEB15C-9CC2-4BFA-84DB-D98212576881}"
EndProject
Global
	GlobalSection(SolutionConfigurationPlatforms) = preSolution
		Debug|x64 = Debug|x64
		Debug|x86 = Debug|x86
		Release|x64 = Release|x64
		Release|x86 = Release|x86
	EndGlobalSection
	GlobalSection(ProjectConfigurationPlatforms) = postSolution
		{9ECEB15C-9CC2-4BFA-84DB-D98212576881}.Debug|x64.ActiveCfg = Debug|x64
		{9ECEB15C-9CC2-4BFA-84DB-D98212576881}.Debug|x64.Build.0 = Debug|x64
		{9ECEB15C-9CC2-4BFA-84DB-D98212576881}.Debug|x86.ActiveCfg = Debug|Win32
		{9ECEB15C-9CC2-4BFA-84DB-D98212576881}.Debug|x86.Build.0 = Debug|Win32
		{9ECEB15C-9CC2-4BFA-84DB-D98212576881}.Release|x64.ActiveCfg = Release|x64
		{9ECEB15C-9CC2-4BFA-84DB-D98212576881}.Release|x64.Build.0 = Release|x64
		{9ECEB15C-9CC2-4BFA-84DB-D98212576881}.Release|x86.ActiveCfg = Release|Win32
		{9ECEB15C-9CC2-4BFA-84DB-D98212576881}.Release|x86.Build.0 = Release|Win32
	EndGlobalSection
	GlobalSection(SolutionProperties) = preSolution
		HideSolutionNode = FALSE
	EndGlobalSection
	GlobalSection(ExtensibilityGlobals) = postSolution
		SolutionGuid = {65378A3D-817C-4D47-9E54-EF309BDE5CC0}
	EndGlobalSection
EndGlobal
